// !$*UTF8*$!
{
	archiveVersion = 1;
	classes = {
	};
	objectVersion = 50;
	objects = {

/* Begin PBXBuildFile section */
		D938A1F62343DEB200E79F36 /* AppDelegate.swift in Sources */ = {isa = PBXBuildFile; fileRef = D938A1F52343DEB200E79F36 /* AppDelegate.swift */; };
		D938A1F82343DEB200E79F36 /* ViewController.swift in Sources */ = {isa = PBXBuildFile; fileRef = D938A1F72343DEB200E79F36 /* ViewController.swift */; };
		D938A1FB2343DEB200E79F36 /* Main.storyboard in Resources */ = {isa = PBXBuildFile; fileRef = D938A1F92343DEB200E79F36 /* Main.storyboard */; };
		D938A1FD2343DEB400E79F36 /* Assets.xcassets in Resources */ = {isa = PBXBuildFile; fileRef = D938A1FC2343DEB400E79F36 /* Assets.xcassets */; };
		D938A2002343DEB400E79F36 /* LaunchScreen.storyboard in Resources */ = {isa = PBXBuildFile; fileRef = D938A1FE2343DEB400E79F36 /* LaunchScreen.storyboard */; };
		D938A20B2343DEB400E79F36 /* testeImagemTests.swift in Sources */ = {isa = PBXBuildFile; fileRef = D938A20A2343DEB400E79F36 /* testeImagemTests.swift */; };
		D938A2162343DEB400E79F36 /* testeImagemUITests.swift in Sources */ = {isa = PBXBuildFile; fileRef = D938A2152343DEB400E79F36 /* testeImagemUITests.swift */; };
/* End PBXBuildFile section */

/* Begin PBXContainerItemProxy section */
		D938A2072343DEB400E79F36 /* PBXContainerItemProxy */ = {
			isa = PBXContainerItemProxy;
			containerPortal = D938A1EA2343DEB200E79F36 /* Project object */;
			proxyType = 1;
			remoteGlobalIDString = D938A1F12343DEB200E79F36;
			remoteInfo = testeImagem;
		};
		D938A2122343DEB400E79F36 /* PBXContainerItemProxy */ = {
			isa = PBXContainerItemProxy;
			containerPortal = D938A1EA2343DEB200E79F36 /* Project object */;
			proxyType = 1;
			remoteGlobalIDString = D938A1F12343DEB200E79F36;
			remoteInfo = testeImagem;
		};
/* End PBXContainerItemProxy section */

/* Begin PBXFileReference section */
		D938A1F22343DEB200E79F36 /* testeImagem.app */ = {isa = PBXFileReference; explicitFileType = wrapper.application; includeInIndex = 0; path = testeImagem.app; sourceTree = BUILT_PRODUCTS_DIR; };
		D938A1F52343DEB200E79F36 /* AppDelegate.swift */ = {isa = PBXFileReference; lastKnownFileType = sourcecode.swift; path = AppDelegate.swift; sourceTree = "<group>"; };
		D938A1F72343DEB200E79F36 /* ViewController.swift */ = {isa = PBXFileReference; lastKnownFileType = sourcecode.swift; path = ViewController.swift; sourceTree = "<group>"; };
		D938A1FA2343DEB200E79F36 /* Base */ = {isa = PBXFileReference; lastKnownFileType = file.storyboard; name = Base; path = Base.lproj/Main.storyboard; sourceTree = "<group>"; };
		D938A1FC2343DEB400E79F36 /* Assets.xcassets */ = {isa = PBXFileReference; lastKnownFileType = folder.assetcatalog; path = Assets.xcassets; sourceTree = "<group>"; };
		D938A1FF2343DEB400E79F36 /* Base */ = {isa = PBXFileReference; lastKnownFileType = file.storyboard; name = Base; path = Base.lproj/LaunchScreen.storyboard; sourceTree = "<group>"; };
		D938A2012343DEB400E79F36 /* Info.plist */ = {isa = PBXFileReference; lastKnownFileType = text.plist.xml; path = Info.plist; sourceTree = "<group>"; };
		D938A2062343DEB400E79F36 /* testeImagemTests.xctest */ = {isa = PBXFileReference; explicitFileType = wrapper.cfbundle; includeInIndex = 0; path = testeImagemTests.xctest; sourceTree = BUILT_PRODUCTS_DIR; };
		D938A20A2343DEB400E79F36 /* testeImagemTests.swift */ = {isa = PBXFileReference; lastKnownFileType = sourcecode.swift; path = testeImagemTests.swift; sourceTree = "<group>"; };
		D938A20C2343DEB400E79F36 /* Info.plist */ = {isa = PBXFileReference; lastKnownFileType = text.plist.xml; path = Info.plist; sourceTree = "<group>"; };
		D938A2112343DEB400E79F36 /* testeImagemUITests.xctest */ = {isa = PBXFileReference; explicitFileType = wrapper.cfbundle; includeInIndex = 0; path = testeImagemUITests.xctest; sourceTree = BUILT_PRODUCTS_DIR; };
		D938A2152343DEB400E79F36 /* testeImagemUITests.swift */ = {isa = PBXFileReference; lastKnownFileType = sourcecode.swift; path = testeImagemUITests.swift; sourceTree = "<group>"; };
		D938A2172343DEB400E79F36 /* Info.plist */ = {isa = PBXFileReference; lastKnownFileType = text.plist.xml; path = Info.plist; sourceTree = "<group>"; };
/* End PBXFileReference section */

/* Begin PBXFrameworksBuildPhase section */
		D938A1EF2343DEB200E79F36 /* Frameworks */ = {
			isa = PBXFrameworksBuildPhase;
			buildActionMask = 2147483647;
			files = (
			);
			runOnlyForDeploymentPostprocessing = 0;
		};
		D938A2032343DEB400E79F36 /* Frameworks */ = {
			isa = PBXFrameworksBuildPhase;
			buildActionMask = 2147483647;
			files = (
			);
			runOnlyForDeploymentPostprocessing = 0;
		};
		D938A20E2343DEB400E79F36 /* Frameworks */ = {
			isa = PBXFrameworksBuildPhase;
			buildActionMask = 2147483647;
			files = (
			);
			runOnlyForDeploymentPostprocessing = 0;
		};
/* End PBXFrameworksBuildPhase section */

/* Begin PBXGroup section */
		D938A1E92343DEB200E79F36 = {
			isa = PBXGroup;
			children = (
				D938A1F42343DEB200E79F36 /* testeImagem */,
				D938A2092343DEB400E79F36 /* testeImagemTests */,
				D938A2142343DEB400E79F36 /* testeImagemUITests */,
				D938A1F32343DEB200E79F36 /* Products */,
			);
			sourceTree = "<group>";
		};
		D938A1F32343DEB200E79F36 /* Products */ = {
			isa = PBXGroup;
			children = (
				D938A1F22343DEB200E79F36 /* testeImagem.app */,
				D938A2062343DEB400E79F36 /* testeImagemTests.xctest */,
				D938A2112343DEB400E79F36 /* testeImagemUITests.xctest */,
			);
			name = Products;
			sourceTree = "<group>";
		};
		D938A1F42343DEB200E79F36 /* testeImagem */ = {
			isa = PBXGroup;
			children = (
				D938A1F52343DEB200E79F36 /* AppDelegate.swift */,
				D938A1F72343DEB200E79F36 /* ViewController.swift */,
				D938A1F92343DEB200E79F36 /* Main.storyboard */,
				D938A1FC2343DEB400E79F36 /* Assets.xcassets */,
				D938A1FE2343DEB400E79F36 /* LaunchScreen.storyboard */,
				D938A2012343DEB400E79F36 /* Info.plist */,
			);
			path = testeImagem;
			sourceTree = "<group>";
		};
		D938A2092343DEB400E79F36 /* testeImagemTests */ = {
			isa = PBXGroup;
			children = (
				D938A20A2343DEB400E79F36 /* testeImagemTests.swift */,
				D938A20C2343DEB400E79F36 /* Info.plist */,
			);
			path = testeImagemTests;
			sourceTree = "<group>";
		};
		D938A2142343DEB400E79F36 /* testeImagemUITests */ = {
			isa = PBXGroup;
			children = (
				D938A2152343DEB400E79F36 /* testeImagemUITests.swift */,
				D938A2172343DEB400E79F36 /* Info.plist */,
			);
			path = testeImagemUITests;
			sourceTree = "<group>";
		};
/* End PBXGroup section */

/* Begin PBXNativeTarget section */
		D938A1F12343DEB200E79F36 /* testeImagem */ = {
			isa = PBXNativeTarget;
			buildConfigurationList = D938A21A2343DEB400E79F36 /* Build configuration list for PBXNativeTarget "testeImagem" */;
			buildPhases = (
				D938A1EE2343DEB200E79F36 /* Sources */,
				D938A1EF2343DEB200E79F36 /* Frameworks */,
				D938A1F02343DEB200E79F36 /* Resources */,
			);
			buildRules = (
			);
			dependencies = (
			);
			name = testeImagem;
			productName = testeImagem;
			productReference = D938A1F22343DEB200E79F36 /* testeImagem.app */;
			productType = "com.apple.product-type.application";
		};
		D938A2052343DEB400E79F36 /* testeImagemTests */ = {
			isa = PBXNativeTarget;
			buildConfigurationList = D938A21D2343DEB400E79F36 /* Build configuration list for PBXNativeTarget "testeImagemTests" */;
			buildPhases = (
				D938A2022343DEB400E79F36 /* Sources */,
				D938A2032343DEB400E79F36 /* Frameworks */,
				D938A2042343DEB400E79F36 /* Resources */,
			);
			buildRules = (
			);
			dependencies = (
				D938A2082343DEB400E79F36 /* PBXTargetDependency */,
			);
			name = testeImagemTests;
			productName = testeImagemTests;
			productReference = D938A2062343DEB400E79F36 /* testeImagemTests.xctest */;
			productType = "com.apple.product-type.bundle.unit-test";
		};
		D938A2102343DEB400E79F36 /* testeImagemUITests */ = {
			isa = PBXNativeTarget;
			buildConfigurationList = D938A2202343DEB400E79F36 /* Build configuration list for PBXNativeTarget "testeImagemUITests" */;
			buildPhases = (
				D938A20D2343DEB400E79F36 /* Sources */,
				D938A20E2343DEB400E79F36 /* Frameworks */,
				D938A20F2343DEB400E79F36 /* Resources */,
			);
			buildRules = (
			);
			dependencies = (
				D938A2132343DEB400E79F36 /* PBXTargetDependency */,
			);
			name = testeImagemUITests;
			productName = testeImagemUITests;
			productReference = D938A2112343DEB400E79F36 /* testeImagemUITests.xctest */;
			productType = "com.apple.product-type.bundle.ui-testing";
		};
/* End PBXNativeTarget section */

/* Begin PBXProject section */
		D938A1EA2343DEB200E79F36 /* Project object */ = {
			isa = PBXProject;
			attributes = {
				LastSwiftUpdateCheck = 1030;
				LastUpgradeCheck = 1030;
				ORGANIZATIONNAME = "humberto Lima";
				TargetAttributes = {
					D938A1F12343DEB200E79F36 = {
						CreatedOnToolsVersion = 10.3;
					};
					D938A2052343DEB400E79F36 = {
						CreatedOnToolsVersion = 10.3;
						TestTargetID = D938A1F12343DEB200E79F36;
					};
					D938A2102343DEB400E79F36 = {
						CreatedOnToolsVersion = 10.3;
						TestTargetID = D938A1F12343DEB200E79F36;
					};
				};
			};
			buildConfigurationList = D938A1ED2343DEB200E79F36 /* Build configuration list for PBXProject "testeImagem" */;
			compatibilityVersion = "Xcode 9.3";
			developmentRegion = en;
			hasScannedForEncodings = 0;
			knownRegions = (
				en,
				Base,
			);
			mainGroup = D938A1E92343DEB200E79F36;
			productRefGroup = D938A1F32343DEB200E79F36 /* Products */;
			projectDirPath = "";
			projectRoot = "";
			targets = (
				D938A1F12343DEB200E79F36 /* testeImagem */,
				D938A2052343DEB400E79F36 /* testeImagemTests */,
				D938A2102343DEB400E79F36 /* testeImagemUITests */,
			);
		};
/* End PBXProject section */

/* Begin PBXResourcesBuildPhase section */
		D938A1F02343DEB200E79F36 /* Resources */ = {
			isa = PBXResourcesBuildPhase;
			buildActionMask = 2147483647;
			files = (
				D938A2002343DEB400E79F36 /* LaunchScreen.storyboard in Resources */,
				D938A1FD2343DEB400E79F36 /* Assets.xcassets in Resources */,
				D938A1FB2343DEB200E79F36 /* Main.storyboard in Resources */,
			);
			runOnlyForDeploymentPostprocessing = 0;
		};
		D938A2042343DEB400E79F36 /* Resources */ = {
			isa = PBXResourcesBuildPhase;
			buildActionMask = 2147483647;
			files = (
			);
			runOnlyForDeploymentPostprocessing = 0;
		};
		D938A20F2343DEB400E79F36 /* Resources */ = {
			isa = PBXResourcesBuildPhase;
			buildActionMask = 2147483647;
			files = (
			);
			runOnlyForDeploymentPostprocessing = 0;
		};
/* End PBXResourcesBuildPhase section */

/* Begin PBXSourcesBuildPhase section */
		D938A1EE2343DEB200E79F36 /* Sources */ = {
			isa = PBXSourcesBuildPhase;
			buildActionMask = 2147483647;
			files = (
				D938A1F82343DEB200E79F36 /* ViewController.swift in Sources */,
				D938A1F62343DEB200E79F36 /* AppDelegate.swift in Sources */,
			);
			runOnlyForDeploymentPostprocessing = 0;
		};
		D938A2022343DEB400E79F36 /* Sources */ = {
			isa = PBXSourcesBuildPhase;
			buildActionMask = 2147483647;
			files = (
				D938A20B2343DEB400E79F36 /* testeImagemTests.swift in Sources */,
			);
			runOnlyForDeploymentPostprocessing = 0;
		};
		D938A20D2343DEB400E79F36 /* Sources */ = {
			isa = PBXSourcesBuildPhase;
			buildActionMask = 2147483647;
			files = (
				D938A2162343DEB400E79F36 /* testeImagemUITests.swift in Sources */,
			);
			runOnlyForDeploymentPostprocessing = 0;
		};
/* End PBXSourcesBuildPhase section */

/* Begin PBXTargetDependency section */
		D938A2082343DEB400E79F36 /* PBXTargetDependency */ = {
			isa = PBXTargetDependency;
			target = D938A1F12343DEB200E79F36 /* testeImagem */;
			targetProxy = D938A2072343DEB400E79F36 /* PBXContainerItemProxy */;
		};
		D938A2132343DEB400E79F36 /* PBXTargetDependency */ = {
			isa = PBXTargetDependency;
			target = D938A1F12343DEB200E79F36 /* testeImagem */;
			targetProxy = D938A2122343DEB400E79F36 /* PBXContainerItemProxy */;
		};
/* End PBXTargetDependency section */

/* Begin PBXVariantGroup section */
		D938A1F92343DEB200E79F36 /* Main.storyboard */ = {
			isa = PBXVariantGroup;
			children = (
				D938A1FA2343DEB200E79F36 /* Base */,
			);
			name = Main.storyboard;
			sourceTree = "<group>";
		};
		D938A1FE2343DEB400E79F36 /* LaunchScreen.storyboard */ = {
			isa = PBXVariantGroup;
			children = (
				D938A1FF2343DEB400E79F36 /* Base */,
			);
			name = LaunchScreen.storyboard;
			sourceTree = "<group>";
		};
/* End PBXVariantGroup section */

/* Begin XCBuildConfiguration section */
		D938A2182343DEB400E79F36 /* Debug */ = {
			isa = XCBuildConfiguration;
			buildSettings = {
				ALWAYS_SEARCH_USER_PATHS = NO;
				CLANG_ANALYZER_NONNULL = YES;
				CLANG_ANALYZER_NUMBER_OBJECT_CONVERSION = YES_AGGRESSIVE;
				CLANG_CXX_LANGUAGE_STANDARD = "gnu++14";
				CLANG_CXX_LIBRARY = "libc++";
				CLANG_ENABLE_MODULES = YES;
				CLANG_ENABLE_OBJC_ARC = YES;
				CLANG_ENABLE_OBJC_WEAK = YES;
				CLANG_WARN_BLOCK_CAPTURE_AUTORELEASING = YES;
				CLANG_WARN_BOOL_CONVERSION = YES;
				CLANG_WARN_COMMA = YES;
				CLANG_WARN_CONSTANT_CONVERSION = YES;
				CLANG_WARN_DEPRECATED_OBJC_IMPLEMENTATIONS = YES;
				CLANG_WARN_DIRECT_OBJC_ISA_USAGE = YES_ERROR;
				CLANG_WARN_DOCUMENTATION_COMMENTS = YES;
				CLANG_WARN_EMPTY_BODY = YES;
				CLANG_WARN_ENUM_CONVERSION = YES;
				CLANG_WARN_INFINITE_RECURSION = YES;
				CLANG_WARN_INT_CONVERSION = YES;
				CLANG_WARN_NON_LITERAL_NULL_CONVERSION = YES;
				CLANG_WARN_OBJC_IMPLICIT_RETAIN_SELF = YES;
				CLANG_WARN_OBJC_LITERAL_CONVERSION = YES;
				CLANG_WARN_OBJC_ROOT_CLASS = YES_ERROR;
				CLANG_WARN_RANGE_LOOP_ANALYSIS = YES;
				CLANG_WARN_STRICT_PROTOTYPES = YES;
				CLANG_WARN_SUSPICIOUS_MOVE = YES;
				CLANG_WARN_UNGUARDED_AVAILABILITY = YES_AGGRESSIVE;
				CLANG_WARN_UNREACHABLE_CODE = YES;
				CLANG_WARN__DUPLICATE_METHOD_MATCH = YES;
				CODE_SIGN_IDENTITY = "iPhone Developer";
				COPY_PHASE_STRIP = NO;
				DEBUG_INFORMATION_FORMAT = dwarf;
				ENABLE_STRICT_OBJC_MSGSEND = YES;
				ENABLE_TESTABILITY = YES;
				GCC_C_LANGUAGE_STANDARD = gnu11;
				GCC_DYNAMIC_NO_PIC = NO;
				GCC_NO_COMMON_BLOCKS = YES;
				GCC_OPTIMIZATION_LEVEL = 0;
				GCC_PREPROCESSOR_DEFINITIONS = (
					"DEBUG=1",
					"$(inherited)",
				);
				GCC_WARN_64_TO_32_BIT_CONVERSION = YES;
				GCC_WARN_ABOUT_RETURN_TYPE = YES_ERROR;
				GCC_WARN_UNDECLARED_SELECTOR = YES;
				GCC_WARN_UNINITIALIZED_AUTOS = YES_AGGRESSIVE;
				GCC_WARN_UNUSED_FUNCTION = YES;
				GCC_WARN_UNUSED_VARIABLE = YES;
				IPHONEOS_DEPLOYMENT_TARGET = 12.4;
				MTL_ENABLE_DEBUG_INFO = INCLUDE_SOURCE;
				MTL_FAST_MATH = YES;
				ONLY_ACTIVE_ARCH = YES;
				SDKROOT = iphoneos;
				SWIFT_ACTIVE_COMPILATION_CONDITIONS = DEBUG;
				SWIFT_OPTIMIZATION_LEVEL = "-Onone";
			};
			name = Debug;
		};
		D938A2192343DEB400E79F36 /* Release */ = {
			isa = XCBuildConfiguration;
			buildSettings = {
				ALWAYS_SEARCH_USER_PATHS = NO;
				CLANG_ANALYZER_NONNULL = YES;
				CLANG_ANALYZER_NUMBER_OBJECT_CONVERSION = YES_AGGRESSIVE;
				CLANG_CXX_LANGUAGE_STANDARD = "gnu++14";
				CLANG_CXX_LIBRARY = "libc++";
				CLANG_ENABLE_MODULES = YES;
				CLANG_ENABLE_OBJC_ARC = YES;
				CLANG_ENABLE_OBJC_WEAK = YES;
				CLANG_WARN_BLOCK_CAPTURE_AUTORELEASING = YES;
				CLANG_WARN_BOOL_CONVERSION = YES;
				CLANG_WARN_COMMA = YES;
				CLANG_WARN_CONSTANT_CONVERSION = YES;
				CLANG_WARN_DEPRECATED_OBJC_IMPLEMENTATIONS = YES;
				CLANG_WARN_DIRECT_OBJC_ISA_USAGE = YES_ERROR;
				CLANG_WARN_DOCUMENTATION_COMMENTS = YES;
				CLANG_WARN_EMPTY_BODY = YES;
				CLANG_WARN_ENUM_CONVERSION = YES;
				CLANG_WARN_INFINITE_RECURSION = YES;
				CLANG_WARN_INT_CONVERSION = YES;
				CLANG_WARN_NON_LITERAL_NULL_CONVERSION = YES;
				CLANG_WARN_OBJC_IMPLICIT_RETAIN_SELF = YES;
				CLANG_WARN_OBJC_LITERAL_CONVERSION = YES;
				CLANG_WARN_OBJC_ROOT_CLASS = YES_ERROR;
				CLANG_WARN_RANGE_LOOP_ANALYSIS = YES;
				CLANG_WARN_STRICT_PROTOTYPES = YES;
				CLANG_WARN_SUSPICIOUS_MOVE = YES;
				CLANG_WARN_UNGUARDED_AVAILABILITY = YES_AGGRESSIVE;
				CLANG_WARN_UNREACHABLE_CODE = YES;
				CLANG_WARN__DUPLICATE_METHOD_MATCH = YES;
				CODE_SIGN_IDENTITY = "iPhone Developer";
				COPY_PHASE_STRIP = NO;
				DEBUG_INFORMATION_FORMAT = "dwarf-with-dsym";
				ENABLE_NS_ASSERTIONS = NO;
				ENABLE_STRICT_OBJC_MSGSEND = YES;
				GCC_C_LANGUAGE_STANDARD = gnu11;
				GCC_NO_COMMON_BLOCKS = YES;
				GCC_WARN_64_TO_32_BIT_CONVERSION = YES;
				GCC_WARN_ABOUT_RETURN_TYPE = YES_ERROR;
				GCC_WARN_UNDECLARED_SELECTOR = YES;
				GCC_WARN_UNINITIALIZED_AUTOS = YES_AGGRESSIVE;
				GCC_WARN_UNUSED_FUNCTION = YES;
				GCC_WARN_UNUSED_VARIABLE = YES;
				IPHONEOS_DEPLOYMENT_TARGET = 12.4;
				MTL_ENABLE_DEBUG_INFO = NO;
				MTL_FAST_MATH = YES;
				SDKROOT = iphoneos;
				SWIFT_COMPILATION_MODE = wholemodule;
				SWIFT_OPTIMIZATION_LEVEL = "-O";
				VALIDATE_PRODUCT = YES;
			};
			name = Release;
		};
		D938A21B2343DEB400E79F36 /* Debug */ = {
			isa = XCBuildConfiguration;
			buildSettings = {
				ASSETCATALOG_COMPILER_APPICON_NAME = AppIcon;
				CODE_SIGN_STYLE = Automatic;
				INFOPLIST_FILE = testeImagem/Info.plist;
				LD_RUNPATH_SEARCH_PATHS = (
					"$(inherited)",
					"@executable_path/Frameworks",
				);
				PRODUCT_BUNDLE_IDENTIFIER = com.br.testeImagem;
				PRODUCT_NAME = "$(TARGET_NAME)";
				SWIFT_VERSION = 5.0;
				TARGETED_DEVICE_FAMILY = "1,2";
			};
			name = Debug;
		};
		D938A21C2343DEB400E79F36 /* Release */ = {
			isa = XCBuildConfiguration;
			buildSettings = {
				ASSETCATALOG_COMPILER_APPICON_NAME = AppIcon;
				CODE_SIGN_STYLE = Automatic;
				INFOPLIST_FILE = testeImagem/Info.plist;
				LD_RUNPATH_SEARCH_PATHS = (
					"$(inherited)",
					"@executable_path/Frameworks",
				);
				PRODUCT_BUNDLE_IDENTIFIER = com.br.testeImagem;
				PRODUCT_NAME = "$(TARGET_NAME)";
				SWIFT_VERSION = 5.0;
				TARGETED_DEVICE_FAMILY = "1,2";
			};
			name = Release;
		};
		D938A21E2343DEB400E79F36 /* Debug */ = {
			isa = XCBuildConfiguration;
			buildSettings = {
				ALWAYS_EMBED_SWIFT_STANDARD_LIBRARIES = YES;
				BUNDLE_LOADER = "$(TEST_HOST)";
				CODE_SIGN_STYLE = Automatic;
				INFOPLIST_FILE = testeImagemTests/Info.plist;
				LD_RUNPATH_SEARCH_PATHS = (
					"$(inherited)",
					"@executable_path/Frameworks",
					"@loader_path/Frameworks",
				);
				PRODUCT_BUNDLE_IDENTIFIER = com.br.testeImagemTests;
				PRODUCT_NAME = "$(TARGET_NAME)";
				SWIFT_VERSION = 5.0;
				TARGETED_DEVICE_FAMILY = "1,2";
				TEST_HOST = "$(BUILT_PRODUCTS_DIR)/testeImagem.app/testeImagem";
			};
			name = Debug;
		};
		D938A21F2343DEB400E79F36 /* Release */ = {
			isa = XCBuildConfiguration;
			buildSettings = {
				ALWAYS_EMBED_SWIFT_STANDARD_LIBRARIES = YES;
				BUNDLE_LOADER = "$(TEST_HOST)";
				CODE_SIGN_STYLE = Automatic;
				INFOPLIST_FILE = testeImagemTests/Info.plist;
				LD_RUNPATH_SEARCH_PATHS = (
					"$(inherited)",
					"@executable_path/Frameworks",
					"@loader_path/Frameworks",
				);
				PRODUCT_BUNDLE_IDENTIFIER = com.br.testeImagemTests;
				PRODUCT_NAME = "$(TARGET_NAME)";
				SWIFT_VERSION = 5.0;
				TARGETED_DEVICE_FAMILY = "1,2";
				TEST_HOST = "$(BUILT_PRODUCTS_DIR)/testeImagem.app/testeImagem";
			};
			name = Release;
		};
		D938A2212343DEB400E79F36 /* Debug */ = {
			isa = XCBuildConfiguration;
			buildSettings = {
				ALWAYS_EMBED_SWIFT_STANDARD_LIBRARIES = YES;
				CODE_SIGN_STYLE = Automatic;
				INFOPLIST_FILE = testeImagemUITests/Info.plist;
				LD_RUNPATH_SEARCH_PATHS = (
					"$(inherited)",
					"@executable_path/Frameworks",
					"@loader_path/Frameworks",
				);
				PRODUCT_BUNDLE_IDENTIFIER = com.br.testeImagemUITests;
				PRODUCT_NAME = "$(TARGET_NAME)";
				SWIFT_VERSION = 5.0;
				TARGETED_DEVICE_FAMILY = "1,2";
				TEST_TARGET_NAME = testeImagem;
			};
			name = Debug;
		};
		D938A2222343DEB400E79F36 /* Release */ = {
			isa = XCBuildConfiguration;
			buildSettings = {
				ALWAYS_EMBED_SWIFT_STANDARD_LIBRARIES = YES;
				CODE_SIGN_STYLE = Automatic;
				INFOPLIST_FILE = testeImagemUITests/Info.plist;
				LD_RUNPATH_SEARCH_PATHS = (
					"$(inherited)",
					"@executable_path/Frameworks",
					"@loader_path/Frameworks",
				);
				PRODUCT_BUNDLE_IDENTIFIER = com.br.testeImagemUITests;
				PRODUCT_NAME = "$(TARGET_NAME)";
				SWIFT_VERSION = 5.0;
				TARGETED_DEVICE_FAMILY = "1,2";
				TEST_TARGET_NAME = testeImagem;
			};
			name = Release;
		};
/* End XCBuildConfiguration section */

/* Begin XCConfigurationList section */
		D938A1ED2343DEB200E79F36 /* Build configuration list for PBXProject "testeImagem" */ = {
			isa = XCConfigurationList;
			buildConfigurations = (
				D938A2182343DEB400E79F36 /* Debug */,
				D938A2192343DEB400E79F36 /* Release */,
			);
			defaultConfigurationIsVisible = 0;
			defaultConfigurationName = Release;
		};
		D938A21A2343DEB400E79F36 /* Build configuration list for PBXNativeTarget "testeImagem" */ = {
			isa = XCConfigurationList;
			buildConfigurations = (
				D938A21B2343DEB400E79F36 /* Debug */,
				D938A21C2343DEB400E79F36 /* Release */,
			);
			defaultConfigurationIsVisible = 0;
			defaultConfigurationName = Release;
		};
		D938A21D2343DEB400E79F36 /* Build configuration list for PBXNativeTarget "testeImagemTests" */ = {
			isa = XCConfigurationList;
			buildConfigurations = (
				D938A21E2343DEB400E79F36 /* Debug */,
				D938A21F2343DEB400E79F36 /* Release */,
			);
			defaultConfigurationIsVisible = 0;
			defaultConfigurationName = Release;
		};
		D938A2202343DEB400E79F36 /* Build configuration list for PBXNativeTarget "testeImagemUITests" */ = {
			isa = XCConfigurationList;
			buildConfigurations = (
				D938A2212343DEB400E79F36 /* Debug */,
				D938A2222343DEB400E79F36 /* Release */,
			);
			defaultConfigurationIsVisible = 0;
			defaultConfigurationName = Release;
		};
/* End XCConfigurationList section */
	};
	rootObject = D938A1EA2343DEB200E79F36 /* Project object */;
}
